
Microsoft Visual Studio Solution File, Format Version 12.00
# Visual Studio Version 17
VisualStudioVersion = 17.8.34330.188
MinimumVisualStudioVersion = 10.0.40219.1
Project("{9A19103F-16F7-4668-BE54-9A1E7A4F7556}") = "Cascade_Project", "Cascade_Project\Cascade_Project.csproj", "{FD3159CB-E417-4A35-95A6-0F2601D1C547}"
EndProject
Global
	GlobalSection(SolutionConfigurationPlatforms) = preSolution
		Debug|Any CPU = Debug|Any CPU
		Release|Any CPU = Release|Any CPU
	EndGlobalSection
	GlobalSection(ProjectConfigurationPlatforms) = postSolution
		{FD3159CB-E417-4A35-95A6-0F2601D1C547}.Debug|Any CPU.ActiveCfg = Debug|Any CPU
		{FD3159CB-E417-4A35-95A6-0F2601D1C547}.Debug|Any CPU.Build.0 = Debug|Any CPU
		{FD3159CB-E417-4A35-95A6-0F2601D1C547}.Release|Any CPU.ActiveCfg = Release|Any CPU
		{FD3159CB-E417-4A35-95A6-0F2601D1C547}.Release|Any CPU.Build.0 = Release|Any CPU
	EndGlobalSection
	GlobalSection(SolutionProperties) = preSolution
		HideSolutionNode = FALSE
	EndGlobalSection
	GlobalSection(ExtensibilityGlobals) = postSolution
		SolutionGuid = {80C0B10F-DB70-40E6-BFB4-9E7BA72FC697}
	EndGlobalSection
EndGlobal
